{
  "nodes": {
    "flakeNimbleLib": {
      "inputs": {
        "nixpkgs": [
          "nixpkgs"
        ]
      },
      "locked": {
        "lastModified": 1662018438,
        "narHash": "sha256-QtNtU6+LX3Wokxf0zlFwKTFOcn6TeDjKQZ+DA9OYtvM=",
        "owner": "riinr",
        "repo": "nim-flakes-lib",
        "rev": "b1fe8340736e3a85d25c709ac3dfd82a55c03cbf",
        "type": "github"
      },
      "original": {
        "owner": "riinr",
        "ref": "master",
        "repo": "nim-flakes-lib",
        "type": "github"
      }
    },
    "myo-master": {
      "inputs": {
        "flakeNimbleLib": [
          "flakeNimbleLib"
        ],
        "nixpkgs": [
          "nixpkgs"
        ],
        "src-myo-master": "src-myo-master"
      },
      "locked": {
        "dir": "master",
        "lastModified": 1662254624,
        "narHash": "sha256-9WZ95alV8JD02tzH+sL5BNZ66HpE5vXi/oLbv1zOKA0=",
        "owner": "nim-nix-pkgs",
        "repo": "myo",
        "rev": "dc3ff5fb2b19bd411c86e1eab546160bd8c90917",
        "type": "github"
      },
      "original": {
        "dir": "master",
        "owner": "nim-nix-pkgs",
        "ref": "master",
        "repo": "myo",
        "type": "github"
      }
    },
    "nixpkgs": {
      "locked": {
        "lastModified": 1667110639,
        "narHash": "sha256-4FbPESZ5LbqQxkJJJBAfk/zKgF9h/4kyUwjjpJwYlbc=",
        "owner": "NixOS",
        "repo": "nixpkgs",
        "rev": "f38a1f04d1bec1feb61fd101a0539ae2002a7087",
        "type": "github"
      },
      "original": {
        "id": "nixpkgs",
        "type": "indirect"
      }
    },
    "root": {
      "inputs": {
        "flakeNimbleLib": "flakeNimbleLib",
        "myo-master": "myo-master",
        "nixpkgs": "nixpkgs"
      }
    },
    "src-myo-master": {
      "flake": false,
      "locked": {
        "lastModified": 1454175614,
        "narHash": "sha256-QnUiHXgUh9Fv9/3cAjLAs9SYTpAlNgwXB9TlN6VWviI=",
        "owner": "nimious",
        "repo": "myo",
        "rev": "13cec2aaf0ab7b6371784a43caaf2fde0549f2a4",
        "type": "github"
      },
      "original": {
        "owner": "nimious",
        "ref": "refs/heads/master",
        "repo": "myo",
        "type": "github"
      }
    }
  },
  "root": "root",
  "version": 7
}
